
Microsoft Visual Studio Solution File, Format Version 12.00
# Visual Studio Version 16
VisualStudioVersion = 16.0.29411.108
MinimumVisualStudioVersion = 10.0.40219.1
Project("{FAE04EC0-301F-11D3-BF4B-00C04F79EFBC}") = "EdgeDriverTest1", "EdgeDriverTest1\EdgeDriverTest1.csproj", "{D3608448-28AA-4046-9D9D-C1ACD89E3E6A}"
EndProject
Global
	GlobalSection(SolutionConfigurationPlatforms) = preSolution
		Debug|Any CPU = Debug|Any CPU
		Release|Any CPU = Release|Any CPU
	EndGlobalSection
	GlobalSection(ProjectConfigurationPlatforms) = postSolution
		{D3608448-28AA-4046-9D9D-C1ACD89E3E6A}.Debug|Any CPU.ActiveCfg = Debug|Any CPU
		{D3608448-28AA-4046-9D9D-C1ACD89E3E6A}.Debug|Any CPU.Build.0 = Debug|Any CPU
		{D3608448-28AA-4046-9D9D-C1ACD89E3E6A}.Release|Any CPU.ActiveCfg = Release|Any CPU
		{D3608448-28AA-4046-9D9D-C1ACD89E3E6A}.Release|Any CPU.Build.0 = Release|Any CPU
	EndGlobalSection
	GlobalSection(SolutionProperties) = preSolution
		HideSolutionNode = FALSE
	EndGlobalSection
	GlobalSection(ExtensibilityGlobals) = postSolution
		SolutionGuid = {897431C2-2C94-4693-9F0E-020BA32D4D78}
	EndGlobalSection
EndGlobal
