
Microsoft Visual Studio Solution File, Format Version 12.00
# Visual Studio Version 16
VisualStudioVersion = 16.0.29411.108
MinimumVisualStudioVersion = 10.0.40219.1
Project("{FAE04EC0-301F-11D3-BF4B-00C04F79EFBC}") = "Delegate", "Delegate\Delegate.csproj", "{BE3785A6-48B3-4567-AC1E-DE9E8C20C0D4}"
EndProject
Global
	GlobalSection(SolutionConfigurationPlatforms) = preSolution
		Debug|Any CPU = Debug|Any CPU
		Release|Any CPU = Release|Any CPU
	EndGlobalSection
	GlobalSection(ProjectConfigurationPlatforms) = postSolution
		{BE3785A6-48B3-4567-AC1E-DE9E8C20C0D4}.Debug|Any CPU.ActiveCfg = Debug|Any CPU
		{BE3785A6-48B3-4567-AC1E-DE9E8C20C0D4}.Debug|Any CPU.Build.0 = Debug|Any CPU
		{BE3785A6-48B3-4567-AC1E-DE9E8C20C0D4}.Release|Any CPU.ActiveCfg = Release|Any CPU
		{BE3785A6-48B3-4567-AC1E-DE9E8C20C0D4}.Release|Any CPU.Build.0 = Release|Any CPU
	EndGlobalSection
	GlobalSection(SolutionProperties) = preSolution
		HideSolutionNode = FALSE
	EndGlobalSection
	GlobalSection(ExtensibilityGlobals) = postSolution
		SolutionGuid = {DFE971E1-030A-4A23-B136-4E9BD32B6938}
	EndGlobalSection
EndGlobal
