
Microsoft Visual Studio Solution File, Format Version 12.00
# Visual Studio Version 16
VisualStudioVersion = 16.0.29411.108
MinimumVisualStudioVersion = 10.0.40219.1
Project("{FAE04EC0-301F-11D3-BF4B-00C04F79EFBC}") = "WeekTyped", "WeekTyped\WeekTyped.csproj", "{18BB6CB0-3368-45B4-99F2-F021F4A3A63B}"
EndProject
Global
	GlobalSection(SolutionConfigurationPlatforms) = preSolution
		Debug|Any CPU = Debug|Any CPU
		Release|Any CPU = Release|Any CPU
	EndGlobalSection
	GlobalSection(ProjectConfigurationPlatforms) = postSolution
		{18BB6CB0-3368-45B4-99F2-F021F4A3A63B}.Debug|Any CPU.ActiveCfg = Debug|Any CPU
		{18BB6CB0-3368-45B4-99F2-F021F4A3A63B}.Debug|Any CPU.Build.0 = Debug|Any CPU
		{18BB6CB0-3368-45B4-99F2-F021F4A3A63B}.Release|Any CPU.ActiveCfg = Release|Any CPU
		{18BB6CB0-3368-45B4-99F2-F021F4A3A63B}.Release|Any CPU.Build.0 = Release|Any CPU
	EndGlobalSection
	GlobalSection(SolutionProperties) = preSolution
		HideSolutionNode = FALSE
	EndGlobalSection
	GlobalSection(ExtensibilityGlobals) = postSolution
		SolutionGuid = {082686C9-7B17-4BDE-AFC3-1E600622E096}
	EndGlobalSection
EndGlobal
