
Microsoft Visual Studio Solution File, Format Version 12.00
# Visual Studio Version 16
VisualStudioVersion = 16.0.29424.173
MinimumVisualStudioVersion = 10.0.40219.1
Project("{FAE04EC0-301F-11D3-BF4B-00C04F79EFBC}") = "DelegateExample1", "DelegateExample1\DelegateExample1.csproj", "{562AB6D0-4B9D-4870-BF27-A707C927817A}"
EndProject
Global
	GlobalSection(SolutionConfigurationPlatforms) = preSolution
		Debug|Any CPU = Debug|Any CPU
		Release|Any CPU = Release|Any CPU
	EndGlobalSection
	GlobalSection(ProjectConfigurationPlatforms) = postSolution
		{562AB6D0-4B9D-4870-BF27-A707C927817A}.Debug|Any CPU.ActiveCfg = Debug|Any CPU
		{562AB6D0-4B9D-4870-BF27-A707C927817A}.Debug|Any CPU.Build.0 = Debug|Any CPU
		{562AB6D0-4B9D-4870-BF27-A707C927817A}.Release|Any CPU.ActiveCfg = Release|Any CPU
		{562AB6D0-4B9D-4870-BF27-A707C927817A}.Release|Any CPU.Build.0 = Release|Any CPU
	EndGlobalSection
	GlobalSection(SolutionProperties) = preSolution
		HideSolutionNode = FALSE
	EndGlobalSection
	GlobalSection(ExtensibilityGlobals) = postSolution
		SolutionGuid = {ED84B1D5-CF61-4100-978F-99362E5F25BF}
	EndGlobalSection
EndGlobal
